
Microsoft Visual Studio Solution File, Format Version 12.00
# Visual Studio Version 16
VisualStudioVersion = 16.0.30204.135
MinimumVisualStudioVersion = 10.0.40219.1
Project("{2150E333-8FDC-42A3-9474-1A3956D46DE8}") = "Microservices", "Microservices", "{B4F124E2-F898-48BD-A82D-13833A30D4D9}"
EndProject
Project("{2150E333-8FDC-42A3-9474-1A3956D46DE8}") = "Domain", "Domain", "{D358BEF0-0042-4867-92C2-A1498ABF7D7E}"
EndProject
Project("{2150E333-8FDC-42A3-9474-1A3956D46DE8}") = "Infrastructure.Bus", "Infrastructure.Bus", "{09082166-951A-400B-AC55-DB09EBFFF737}"
EndProject
Project("{2150E333-8FDC-42A3-9474-1A3956D46DE8}") = "Infrastructure.IoC", "Infrastructure.IoC", "{131EA4AF-DB48-4695-8C0B-DABBFB852AE1}"
EndProject
Project("{2150E333-8FDC-42A3-9474-1A3956D46DE8}") = "Presentation", "Presentation", "{E097CC45-F5C5-4086-9BEA-8F13C6CB2987}"
EndProject
Project("{9A19103F-16F7-4668-BE54-9A1E7A4F7556}") = "MicroRabbit.Domain.Core", "MicroRabbit.Domain.Core\MicroRabbit.Domain.Core.csproj", "{4C64C22D-47D5-4D1B-91BE-7FD4189A55EE}"
EndProject
Project("{9A19103F-16F7-4668-BE54-9A1E7A4F7556}") = "MicroRabbit.Infrastructure.Bus", "MicroRabbit.Infrastructure.Bus\MicroRabbit.Infrastructure.Bus.csproj", "{D4C77D59-721B-4383-B080-9064AC4447B1}"
EndProject
Project("{9A19103F-16F7-4668-BE54-9A1E7A4F7556}") = "MicroRabbit.Infrastructure.IoC", "MicroRabbit.Infrastructure.IoC\MicroRabbit.Infrastructure.IoC.csproj", "{C45DF8DD-1A66-4B2E-AD2D-F212C4AF7373}"
EndProject
Project("{2150E333-8FDC-42A3-9474-1A3956D46DE8}") = "Banking", "Banking", "{39840FCA-2B36-4280-8375-64E549651190}"
EndProject
Project("{2150E333-8FDC-42A3-9474-1A3956D46DE8}") = "Api", "Api", "{4A6C1C02-7EE4-47F6-9B3F-0F00AEC07E39}"
EndProject
Project("{2150E333-8FDC-42A3-9474-1A3956D46DE8}") = "Domain", "Domain", "{9627DFA0-7B53-41B5-B6ED-7EFAC1656433}"
EndProject
Project("{2150E333-8FDC-42A3-9474-1A3956D46DE8}") = "Application", "Application", "{5EECBEE2-8D9F-49AE-875E-D8D1A9413A5A}"
EndProject
Project("{2150E333-8FDC-42A3-9474-1A3956D46DE8}") = "Data", "Data", "{73E0D77B-24A2-4A18-BCC6-788835746117}"
EndProject
Project("{9A19103F-16F7-4668-BE54-9A1E7A4F7556}") = "MicroRabbit.Banking.Api", "MicroRabbit.Banking.Api\MicroRabbit.Banking.Api.csproj", "{CE8FAF0A-A0FC-4B59-A6E8-ABC21894524B}"
EndProject
Project("{9A19103F-16F7-4668-BE54-9A1E7A4F7556}") = "MicroRabbit.Banking.Application", "MicroRabbit.Banking.Application\MicroRabbit.Banking.Application.csproj", "{6C5DF6E0-CD22-4F95-AE2C-C2DB2768F159}"
EndProject
Project("{9A19103F-16F7-4668-BE54-9A1E7A4F7556}") = "MicroRabbit.Banking.Data", "MicroRabbit.Banking.Data\MicroRabbit.Banking.Data.csproj", "{686BA16D-34AF-4CDB-816E-39F15837E87A}"
EndProject
Project("{9A19103F-16F7-4668-BE54-9A1E7A4F7556}") = "MicroRabbit.Banking.Domain", "MicroRabbit.Banking.Domain\MicroRabbit.Banking.Domain.csproj", "{7CB47AAB-4EC2-4934-A017-D4E2BB8EDDDE}"
EndProject
Project("{2150E333-8FDC-42A3-9474-1A3956D46DE8}") = "Transfer", "Transfer", "{302541BF-9319-4D40-9943-E8F6EB82B4BE}"
EndProject
Project("{2150E333-8FDC-42A3-9474-1A3956D46DE8}") = "Api", "Api", "{B8E9BE09-0CCC-472E-A823-099E0FBE423F}"
EndProject
Project("{2150E333-8FDC-42A3-9474-1A3956D46DE8}") = "Application", "Application", "{6F0E2F75-9297-40F8-B7CE-66211FF240CF}"
EndProject
Project("{2150E333-8FDC-42A3-9474-1A3956D46DE8}") = "Data", "Data", "{BED27715-493A-4C5D-BA92-D96CFDE0E8D1}"
EndProject
Project("{2150E333-8FDC-42A3-9474-1A3956D46DE8}") = "Domain", "Domain", "{767494DD-9871-4B8F-8268-0E8BD3E9E977}"
EndProject
Project("{FAE04EC0-301F-11D3-BF4B-00C04F79EFBC}") = "MicroRabbit.Transfer.Api", "MicroRabbit.Transfer.Api\MicroRabbit.Transfer.Api.csproj", "{33CE86DF-EACF-47D3-8E4D-42AC88C0869E}"
EndProject
Project("{FAE04EC0-301F-11D3-BF4B-00C04F79EFBC}") = "MicroRabbit.Transfer.Application", "MicroRabbit.Transfer.Application\MicroRabbit.Transfer.Application.csproj", "{74AEB32B-91CB-4005-9D92-A0A51393BD05}"
EndProject
Project("{FAE04EC0-301F-11D3-BF4B-00C04F79EFBC}") = "MicroRabbit.Transfer.Data", "MicroRabbit.Transfer.Data\MicroRabbit.Transfer.Data.csproj", "{C9164857-D2DF-48E1-B8FF-025EBFCE246F}"
EndProject
Project("{FAE04EC0-301F-11D3-BF4B-00C04F79EFBC}") = "MicroRabbit.Transfer.Domain", "MicroRabbit.Transfer.Domain\MicroRabbit.Transfer.Domain.csproj", "{99C99780-8C87-4BD6-80A8-23FAB471DA1B}"
EndProject
Global
	GlobalSection(SolutionConfigurationPlatforms) = preSolution
		Debug|Any CPU = Debug|Any CPU
		Release|Any CPU = Release|Any CPU
	EndGlobalSection
	GlobalSection(ProjectConfigurationPlatforms) = postSolution
		{4C64C22D-47D5-4D1B-91BE-7FD4189A55EE}.Debug|Any CPU.ActiveCfg = Debug|Any CPU
		{4C64C22D-47D5-4D1B-91BE-7FD4189A55EE}.Debug|Any CPU.Build.0 = Debug|Any CPU
		{4C64C22D-47D5-4D1B-91BE-7FD4189A55EE}.Release|Any CPU.ActiveCfg = Release|Any CPU
		{4C64C22D-47D5-4D1B-91BE-7FD4189A55EE}.Release|Any CPU.Build.0 = Release|Any CPU
		{D4C77D59-721B-4383-B080-9064AC4447B1}.Debug|Any CPU.ActiveCfg = Debug|Any CPU
		{D4C77D59-721B-4383-B080-9064AC4447B1}.Debug|Any CPU.Build.0 = Debug|Any CPU
		{D4C77D59-721B-4383-B080-9064AC4447B1}.Release|Any CPU.ActiveCfg = Release|Any CPU
		{D4C77D59-721B-4383-B080-9064AC4447B1}.Release|Any CPU.Build.0 = Release|Any CPU
		{C45DF8DD-1A66-4B2E-AD2D-F212C4AF7373}.Debug|Any CPU.ActiveCfg = Debug|Any CPU
		{C45DF8DD-1A66-4B2E-AD2D-F212C4AF7373}.Debug|Any CPU.Build.0 = Debug|Any CPU
		{C45DF8DD-1A66-4B2E-AD2D-F212C4AF7373}.Release|Any CPU.ActiveCfg = Release|Any CPU
		{C45DF8DD-1A66-4B2E-AD2D-F212C4AF7373}.Release|Any CPU.Build.0 = Release|Any CPU
		{CE8FAF0A-A0FC-4B59-A6E8-ABC21894524B}.Debug|Any CPU.ActiveCfg = Debug|Any CPU
		{CE8FAF0A-A0FC-4B59-A6E8-ABC21894524B}.Debug|Any CPU.Build.0 = Debug|Any CPU
		{CE8FAF0A-A0FC-4B59-A6E8-ABC21894524B}.Release|Any CPU.ActiveCfg = Release|Any CPU
		{CE8FAF0A-A0FC-4B59-A6E8-ABC21894524B}.Release|Any CPU.Build.0 = Release|Any CPU
		{6C5DF6E0-CD22-4F95-AE2C-C2DB2768F159}.Debug|Any CPU.ActiveCfg = Debug|Any CPU
		{6C5DF6E0-CD22-4F95-AE2C-C2DB2768F159}.Debug|Any CPU.Build.0 = Debug|Any CPU
		{6C5DF6E0-CD22-4F95-AE2C-C2DB2768F159}.Release|Any CPU.ActiveCfg = Release|Any CPU
		{6C5DF6E0-CD22-4F95-AE2C-C2DB2768F159}.Release|Any CPU.Build.0 = Release|Any CPU
		{686BA16D-34AF-4CDB-816E-39F15837E87A}.Debug|Any CPU.ActiveCfg = Debug|Any CPU
		{686BA16D-34AF-4CDB-816E-39F15837E87A}.Debug|Any CPU.Build.0 = Debug|Any CPU
		{686BA16D-34AF-4CDB-816E-39F15837E87A}.Release|Any CPU.ActiveCfg = Release|Any CPU
		{686BA16D-34AF-4CDB-816E-39F15837E87A}.Release|Any CPU.Build.0 = Release|Any CPU
		{7CB47AAB-4EC2-4934-A017-D4E2BB8EDDDE}.Debug|Any CPU.ActiveCfg = Debug|Any CPU
		{7CB47AAB-4EC2-4934-A017-D4E2BB8EDDDE}.Debug|Any CPU.Build.0 = Debug|Any CPU
		{7CB47AAB-4EC2-4934-A017-D4E2BB8EDDDE}.Release|Any CPU.ActiveCfg = Release|Any CPU
		{7CB47AAB-4EC2-4934-A017-D4E2BB8EDDDE}.Release|Any CPU.Build.0 = Release|Any CPU
		{33CE86DF-EACF-47D3-8E4D-42AC88C0869E}.Debug|Any CPU.ActiveCfg = Debug|Any CPU
		{33CE86DF-EACF-47D3-8E4D-42AC88C0869E}.Debug|Any CPU.Build.0 = Debug|Any CPU
		{33CE86DF-EACF-47D3-8E4D-42AC88C0869E}.Release|Any CPU.ActiveCfg = Release|Any CPU
		{33CE86DF-EACF-47D3-8E4D-42AC88C0869E}.Release|Any CPU.Build.0 = Release|Any CPU
		{74AEB32B-91CB-4005-9D92-A0A51393BD05}.Debug|Any CPU.ActiveCfg = Debug|Any CPU
		{74AEB32B-91CB-4005-9D92-A0A51393BD05}.Debug|Any CPU.Build.0 = Debug|Any CPU
		{74AEB32B-91CB-4005-9D92-A0A51393BD05}.Release|Any CPU.ActiveCfg = Release|Any CPU
		{74AEB32B-91CB-4005-9D92-A0A51393BD05}.Release|Any CPU.Build.0 = Release|Any CPU
		{C9164857-D2DF-48E1-B8FF-025EBFCE246F}.Debug|Any CPU.ActiveCfg = Debug|Any CPU
		{C9164857-D2DF-48E1-B8FF-025EBFCE246F}.Debug|Any CPU.Build.0 = Debug|Any CPU
		{C9164857-D2DF-48E1-B8FF-025EBFCE246F}.Release|Any CPU.ActiveCfg = Release|Any CPU
		{C9164857-D2DF-48E1-B8FF-025EBFCE246F}.Release|Any CPU.Build.0 = Release|Any CPU
		{99C99780-8C87-4BD6-80A8-23FAB471DA1B}.Debug|Any CPU.ActiveCfg = Debug|Any CPU
		{99C99780-8C87-4BD6-80A8-23FAB471DA1B}.Debug|Any CPU.Build.0 = Debug|Any CPU
		{99C99780-8C87-4BD6-80A8-23FAB471DA1B}.Release|Any CPU.ActiveCfg = Release|Any CPU
		{99C99780-8C87-4BD6-80A8-23FAB471DA1B}.Release|Any CPU.Build.0 = Release|Any CPU
	EndGlobalSection
	GlobalSection(SolutionProperties) = preSolution
		HideSolutionNode = FALSE
	EndGlobalSection
	GlobalSection(NestedProjects) = preSolution
		{4C64C22D-47D5-4D1B-91BE-7FD4189A55EE} = {D358BEF0-0042-4867-92C2-A1498ABF7D7E}
		{D4C77D59-721B-4383-B080-9064AC4447B1} = {09082166-951A-400B-AC55-DB09EBFFF737}
		{C45DF8DD-1A66-4B2E-AD2D-F212C4AF7373} = {131EA4AF-DB48-4695-8C0B-DABBFB852AE1}
		{39840FCA-2B36-4280-8375-64E549651190} = {B4F124E2-F898-48BD-A82D-13833A30D4D9}
		{4A6C1C02-7EE4-47F6-9B3F-0F00AEC07E39} = {39840FCA-2B36-4280-8375-64E549651190}
		{9627DFA0-7B53-41B5-B6ED-7EFAC1656433} = {39840FCA-2B36-4280-8375-64E549651190}
		{5EECBEE2-8D9F-49AE-875E-D8D1A9413A5A} = {39840FCA-2B36-4280-8375-64E549651190}
		{73E0D77B-24A2-4A18-BCC6-788835746117} = {39840FCA-2B36-4280-8375-64E549651190}
		{CE8FAF0A-A0FC-4B59-A6E8-ABC21894524B} = {4A6C1C02-7EE4-47F6-9B3F-0F00AEC07E39}
		{6C5DF6E0-CD22-4F95-AE2C-C2DB2768F159} = {5EECBEE2-8D9F-49AE-875E-D8D1A9413A5A}
		{686BA16D-34AF-4CDB-816E-39F15837E87A} = {73E0D77B-24A2-4A18-BCC6-788835746117}
		{7CB47AAB-4EC2-4934-A017-D4E2BB8EDDDE} = {9627DFA0-7B53-41B5-B6ED-7EFAC1656433}
		{302541BF-9319-4D40-9943-E8F6EB82B4BE} = {B4F124E2-F898-48BD-A82D-13833A30D4D9}
		{B8E9BE09-0CCC-472E-A823-099E0FBE423F} = {302541BF-9319-4D40-9943-E8F6EB82B4BE}
		{6F0E2F75-9297-40F8-B7CE-66211FF240CF} = {302541BF-9319-4D40-9943-E8F6EB82B4BE}
		{BED27715-493A-4C5D-BA92-D96CFDE0E8D1} = {302541BF-9319-4D40-9943-E8F6EB82B4BE}
		{767494DD-9871-4B8F-8268-0E8BD3E9E977} = {302541BF-9319-4D40-9943-E8F6EB82B4BE}
		{33CE86DF-EACF-47D3-8E4D-42AC88C0869E} = {B8E9BE09-0CCC-472E-A823-099E0FBE423F}
		{74AEB32B-91CB-4005-9D92-A0A51393BD05} = {6F0E2F75-9297-40F8-B7CE-66211FF240CF}
		{C9164857-D2DF-48E1-B8FF-025EBFCE246F} = {BED27715-493A-4C5D-BA92-D96CFDE0E8D1}
		{99C99780-8C87-4BD6-80A8-23FAB471DA1B} = {767494DD-9871-4B8F-8268-0E8BD3E9E977}
	EndGlobalSection
	GlobalSection(ExtensibilityGlobals) = postSolution
		SolutionGuid = {570D026E-5648-49A6-AF6C-543EC91AACA2}
	EndGlobalSection
EndGlobal
