
Microsoft Visual Studio Solution File, Format Version 12.00
# Visual Studio Version 16
VisualStudioVersion = 16.0.30204.135
MinimumVisualStudioVersion = 10.0.40219.1
Project("{2150E333-8FDC-42A3-9474-1A3956D46DE8}") = "Microservices", "Microservices", "{B4F124E2-F898-48BD-A82D-13833A30D4D9}"
EndProject
Project("{2150E333-8FDC-42A3-9474-1A3956D46DE8}") = "Domain", "Domain", "{D358BEF0-0042-4867-92C2-A1498ABF7D7E}"
EndProject
Project("{2150E333-8FDC-42A3-9474-1A3956D46DE8}") = "Infrastructure.Bus", "Infrastructure.Bus", "{09082166-951A-400B-AC55-DB09EBFFF737}"
EndProject
Project("{2150E333-8FDC-42A3-9474-1A3956D46DE8}") = "Infrastructure.IoC", "Infrastructure.IoC", "{131EA4AF-DB48-4695-8C0B-DABBFB852AE1}"
EndProject
Project("{2150E333-8FDC-42A3-9474-1A3956D46DE8}") = "Presentation", "Presentation", "{E097CC45-F5C5-4086-9BEA-8F13C6CB2987}"
EndProject
Project("{FAE04EC0-301F-11D3-BF4B-00C04F79EFBC}") = "MicroRabbit.Domain.Core", "MicroRabbit.Domain.Core\MicroRabbit.Domain.Core.csproj", "{4C64C22D-47D5-4D1B-91BE-7FD4189A55EE}"
EndProject
Global
	GlobalSection(SolutionConfigurationPlatforms) = preSolution
		Debug|Any CPU = Debug|Any CPU
		Release|Any CPU = Release|Any CPU
	EndGlobalSection
	GlobalSection(ProjectConfigurationPlatforms) = postSolution
		{4C64C22D-47D5-4D1B-91BE-7FD4189A55EE}.Debug|Any CPU.ActiveCfg = Debug|Any CPU
		{4C64C22D-47D5-4D1B-91BE-7FD4189A55EE}.Debug|Any CPU.Build.0 = Debug|Any CPU
		{4C64C22D-47D5-4D1B-91BE-7FD4189A55EE}.Release|Any CPU.ActiveCfg = Release|Any CPU
		{4C64C22D-47D5-4D1B-91BE-7FD4189A55EE}.Release|Any CPU.Build.0 = Release|Any CPU
	EndGlobalSection
	GlobalSection(SolutionProperties) = preSolution
		HideSolutionNode = FALSE
	EndGlobalSection
	GlobalSection(NestedProjects) = preSolution
		{4C64C22D-47D5-4D1B-91BE-7FD4189A55EE} = {D358BEF0-0042-4867-92C2-A1498ABF7D7E}
	EndGlobalSection
	GlobalSection(ExtensibilityGlobals) = postSolution
		SolutionGuid = {570D026E-5648-49A6-AF6C-543EC91AACA2}
	EndGlobalSection
EndGlobal
